// !$*UTF8*$!
{
	archiveVersion = 1;
	classes = {
	};
	objectVersion = 55;
	objects = {

/* Begin PBXBuildFile section */
		30C6764C2743F75900E5B294 /* MVVMSwiftUIApp.swift in Sources */ = {isa = PBXBuildFile; fileRef = 30C6764B2743F75900E5B294 /* MVVMSwiftUIApp.swift */; };
		30C6764E2743F75900E5B294 /* ContentView.swift in Sources */ = {isa = PBXBuildFile; fileRef = 30C6764D2743F75900E5B294 /* ContentView.swift */; };
		30C676502743F75B00E5B294 /* Assets.xcassets in Resources */ = {isa = PBXBuildFile; fileRef = 30C6764F2743F75B00E5B294 /* Assets.xcassets */; };
		30C676532743F75B00E5B294 /* Preview Assets.xcassets in Resources */ = {isa = PBXBuildFile; fileRef = 30C676522743F75B00E5B294 /* Preview Assets.xcassets */; };
		30C6765A2743F7B600E5B294 /* Webservice.swift in Sources */ = {isa = PBXBuildFile; fileRef = 30C676592743F7B600E5B294 /* Webservice.swift */; };
		30C6765C2743F81800E5B294 /* Post.swift in Sources */ = {isa = PBXBuildFile; fileRef = 30C6765B2743F81800E5B294 /* Post.swift */; };
		30C676602743FA7F00E5B294 /* PostListViewModel.swift in Sources */ = {isa = PBXBuildFile; fileRef = 30C6765F2743FA7F00E5B294 /* PostListViewModel.swift */; };
/* End PBXBuildFile section */

/* Begin PBXFileReference section */
		30C676482743F75900E5B294 /* MVVMSwiftUI.app */ = {isa = PBXFileReference; explicitFileType = wrapper.application; includeInIndex = 0; path = MVVMSwiftUI.app; sourceTree = BUILT_PRODUCTS_DIR; };
		30C6764B2743F75900E5B294 /* MVVMSwiftUIApp.swift */ = {isa = PBXFileReference; lastKnownFileType = sourcecode.swift; path = MVVMSwiftUIApp.swift; sourceTree = "<group>"; };
		30C6764D2743F75900E5B294 /* ContentView.swift */ = {isa = PBXFileReference; lastKnownFileType = sourcecode.swift; path = ContentView.swift; sourceTree = "<group>"; };
		30C6764F2743F75B00E5B294 /* Assets.xcassets */ = {isa = PBXFileReference; lastKnownFileType = folder.assetcatalog; path = Assets.xcassets; sourceTree = "<group>"; };
		30C676522743F75B00E5B294 /* Preview Assets.xcassets */ = {isa = PBXFileReference; lastKnownFileType = folder.assetcatalog; path = "Preview Assets.xcassets"; sourceTree = "<group>"; };
		30C676592743F7B600E5B294 /* Webservice.swift */ = {isa = PBXFileReference; lastKnownFileType = sourcecode.swift; path = Webservice.swift; sourceTree = "<group>"; };
		30C6765B2743F81800E5B294 /* Post.swift */ = {isa = PBXFileReference; lastKnownFileType = sourcecode.swift; path = Post.swift; sourceTree = "<group>"; };
		30C6765F2743FA7F00E5B294 /* PostListViewModel.swift */ = {isa = PBXFileReference; lastKnownFileType = sourcecode.swift; path = PostListViewModel.swift; sourceTree = "<group>"; };
/* End PBXFileReference section */

/* Begin PBXFrameworksBuildPhase section */
		30C676452743F75900E5B294 /* Frameworks */ = {
			isa = PBXFrameworksBuildPhase;
			buildActionMask = 2147483647;
			files = (
			);
			runOnlyForDeploymentPostprocessing = 0;
		};
/* End PBXFrameworksBuildPhase section */

/* Begin PBXGroup section */
		30C6763F2743F75900E5B294 = {
			isa = PBXGroup;
			children = (
				30C6764A2743F75900E5B294 /* MVVMSwiftUI */,
				30C676492743F75900E5B294 /* Products */,
			);
			sourceTree = "<group>";
		};
		30C676492743F75900E5B294 /* Products */ = {
			isa = PBXGroup;
			children = (
				30C676482743F75900E5B294 /* MVVMSwiftUI.app */,
			);
			name = Products;
			sourceTree = "<group>";
		};
		30C6764A2743F75900E5B294 /* MVVMSwiftUI */ = {
			isa = PBXGroup;
			children = (
				30C676642743FCE000E5B294 /* WebService */,
				30C676632743FCB800E5B294 /* Model */,
				30C676622743FCB000E5B294 /* ViewModel */,
				30C676612743FCA300E5B294 /* View */,
				30C6764B2743F75900E5B294 /* MVVMSwiftUIApp.swift */,
				30C6764F2743F75B00E5B294 /* Assets.xcassets */,
				30C676512743F75B00E5B294 /* Preview Content */,
			);
			path = MVVMSwiftUI;
			sourceTree = "<group>";
		};
		30C676512743F75B00E5B294 /* Preview Content */ = {
			isa = PBXGroup;
			children = (
				30C676522743F75B00E5B294 /* Preview Assets.xcassets */,
			);
			path = "Preview Content";
			sourceTree = "<group>";
		};
		30C676612743FCA300E5B294 /* View */ = {
			isa = PBXGroup;
			children = (
				30C6764D2743F75900E5B294 /* ContentView.swift */,
			);
			path = View;
			sourceTree = "<group>";
		};
		30C676622743FCB000E5B294 /* ViewModel */ = {
			isa = PBXGroup;
			children = (
				30C6765F2743FA7F00E5B294 /* PostListViewModel.swift */,
			);
			path = ViewModel;
			sourceTree = "<group>";
		};
		30C676632743FCB800E5B294 /* Model */ = {
			isa = PBXGroup;
			children = (
				30C6765B2743F81800E5B294 /* Post.swift */,
			);
			path = Model;
			sourceTree = "<group>";
		};
		30C676642743FCE000E5B294 /* WebService */ = {
			isa = PBXGroup;
			children = (
				30C676592743F7B600E5B294 /* Webservice.swift */,
			);
			path = WebService;
			sourceTree = "<group>";
		};
/* End PBXGroup section */

/* Begin PBXNativeTarget section */
		30C676472743F75900E5B294 /* MVVMSwiftUI */ = {
			isa = PBXNativeTarget;
			buildConfigurationList = 30C676562743F75B00E5B294 /* Build configuration list for PBXNativeTarget "MVVMSwiftUI" */;
			buildPhases = (
				30C676442743F75900E5B294 /* Sources */,
				30C676452743F75900E5B294 /* Frameworks */,
				30C676462743F75900E5B294 /* Resources */,
			);
			buildRules = (
			);
			dependencies = (
			);
			name = MVVMSwiftUI;
			productName = MVVMSwiftUI;
			productReference = 30C676482743F75900E5B294 /* MVVMSwiftUI.app */;
			productType = "com.apple.product-type.application";
		};
/* End PBXNativeTarget section */

/* Begin PBXProject section */
		30C676402743F75900E5B294 /* Project object */ = {
			isa = PBXProject;
			attributes = {
				BuildIndependentTargetsInParallel = 1;
				LastSwiftUpdateCheck = 1310;
				LastUpgradeCheck = 1310;
				TargetAttributes = {
					30C676472743F75900E5B294 = {
						CreatedOnToolsVersion = 13.1;
					};
				};
			};
			buildConfigurationList = 30C676432743F75900E5B294 /* Build configuration list for PBXProject "MVVMSwiftUI" */;
			compatibilityVersion = "Xcode 13.0";
			developmentRegion = en;
			hasScannedForEncodings = 0;
			knownRegions = (
				en,
				Base,
			);
			mainGroup = 30C6763F2743F75900E5B294;
			productRefGroup = 30C676492743F75900E5B294 /* Products */;
			projectDirPath = "";
			projectRoot = "";
			targets = (
				30C676472743F75900E5B294 /* MVVMSwiftUI */,
			);
		};
/* End PBXProject section */

/* Begin PBXResourcesBuildPhase section */
		30C676462743F75900E5B294 /* Resources */ = {
			isa = PBXResourcesBuildPhase;
			buildActionMask = 2147483647;
			files = (
				30C676532743F75B00E5B294 /* Preview Assets.xcassets in Resources */,
				30C676502743F75B00E5B294 /* Assets.xcassets in Resources */,
			);
			runOnlyForDeploymentPostprocessing = 0;
		};
/* End PBXResourcesBuildPhase section */

/* Begin PBXSourcesBuildPhase section */
		30C676442743F75900E5B294 /* Sources */ = {
			isa = PBXSourcesBuildPhase;
			buildActionMask = 2147483647;
			files = (
				30C6764E2743F75900E5B294 /* ContentView.swift in Sources */,
				30C6764C2743F75900E5B294 /* MVVMSwiftUIApp.swift in Sources */,
				30C676602743FA7F00E5B294 /* PostListViewModel.swift in Sources */,
				30C6765A2743F7B600E5B294 /* Webservice.swift in Sources */,
				30C6765C2743F81800E5B294 /* Post.swift in Sources */,
			);
			runOnlyForDeploymentPostprocessing = 0;
		};
/* End PBXSourcesBuildPhase section */

/* Begin XCBuildConfiguration section */
		30C676542743F75B00E5B294 /* Debug */ = {
			isa = XCBuildConfiguration;
			buildSettings = {
				ALWAYS_SEARCH_USER_PATHS = NO;
				CLANG_ANALYZER_NONNULL = YES;
				CLANG_ANALYZER_NUMBER_OBJECT_CONVERSION = YES_AGGRESSIVE;
				CLANG_CXX_LANGUAGE_STANDARD = "gnu++17";
				CLANG_CXX_LIBRARY = "libc++";
				CLANG_ENABLE_MODULES = YES;
				CLANG_ENABLE_OBJC_ARC = YES;
				CLANG_ENABLE_OBJC_WEAK = YES;
				CLANG_WARN_BLOCK_CAPTURE_AUTORELEASING = YES;
				CLANG_WARN_BOOL_CONVERSION = YES;
				CLANG_WARN_COMMA = YES;
				CLANG_WARN_CONSTANT_CONVERSION = YES;
				CLANG_WARN_DEPRECATED_OBJC_IMPLEMENTATIONS = YES;
				CLANG_WARN_DIRECT_OBJC_ISA_USAGE = YES_ERROR;
				CLANG_WARN_DOCUMENTATION_COMMENTS = YES;
				CLANG_WARN_EMPTY_BODY = YES;
				CLANG_WARN_ENUM_CONVERSION = YES;
				CLANG_WARN_INFINITE_RECURSION = YES;
				CLANG_WARN_INT_CONVERSION = YES;
				CLANG_WARN_NON_LITERAL_NULL_CONVERSION = YES;
				CLANG_WARN_OBJC_IMPLICIT_RETAIN_SELF = YES;
				CLANG_WARN_OBJC_LITERAL_CONVERSION = YES;
				CLANG_WARN_OBJC_ROOT_CLASS = YES_ERROR;
				CLANG_WARN_QUOTED_INCLUDE_IN_FRAMEWORK_HEADER = YES;
				CLANG_WARN_RANGE_LOOP_ANALYSIS = YES;
				CLANG_WARN_STRICT_PROTOTYPES = YES;
				CLANG_WARN_SUSPICIOUS_MOVE = YES;
				CLANG_WARN_UNGUARDED_AVAILABILITY = YES_AGGRESSIVE;
				CLANG_WARN_UNREACHABLE_CODE = YES;
				CLANG_WARN__DUPLICATE_METHOD_MATCH = YES;
				COPY_PHASE_STRIP = NO;
				DEBUG_INFORMATION_FORMAT = dwarf;
				ENABLE_STRICT_OBJC_MSGSEND = YES;
				ENABLE_TESTABILITY = YES;
				GCC_C_LANGUAGE_STANDARD = gnu11;
				GCC_DYNAMIC_NO_PIC = NO;
				GCC_NO_COMMON_BLOCKS = YES;
				GCC_OPTIMIZATION_LEVEL = 0;
				GCC_PREPROCESSOR_DEFINITIONS = (
					"DEBUG=1",
					"$(inherited)",
				);
				GCC_WARN_64_TO_32_BIT_CONVERSION = YES;
				GCC_WARN_ABOUT_RETURN_TYPE = YES_ERROR;
				GCC_WARN_UNDECLARED_SELECTOR = YES;
				GCC_WARN_UNINITIALIZED_AUTOS = YES_AGGRESSIVE;
				GCC_WARN_UNUSED_FUNCTION = YES;
				GCC_WARN_UNUSED_VARIABLE = YES;
				IPHONEOS_DEPLOYMENT_TARGET = 15.0;
				MTL_ENABLE_DEBUG_INFO = INCLUDE_SOURCE;
				MTL_FAST_MATH = YES;
				ONLY_ACTIVE_ARCH = YES;
				SDKROOT = iphoneos;
				SWIFT_ACTIVE_COMPILATION_CONDITIONS = DEBUG;
				SWIFT_OPTIMIZATION_LEVEL = "-Onone";
			};
			name = Debug;
		};
		30C676552743F75B00E5B294 /* Release */ = {
			isa = XCBuildConfiguration;
			buildSettings = {
				ALWAYS_SEARCH_USER_PATHS = NO;
				CLANG_ANALYZER_NONNULL = YES;
				CLANG_ANALYZER_NUMBER_OBJECT_CONVERSION = YES_AGGRESSIVE;
				CLANG_CXX_LANGUAGE_STANDARD = "gnu++17";
				CLANG_CXX_LIBRARY = "libc++";
				CLANG_ENABLE_MODULES = YES;
				CLANG_ENABLE_OBJC_ARC = YES;
				CLANG_ENABLE_OBJC_WEAK = YES;
				CLANG_WARN_BLOCK_CAPTURE_AUTORELEASING = YES;
				CLANG_WARN_BOOL_CONVERSION = YES;
				CLANG_WARN_COMMA = YES;
				CLANG_WARN_CONSTANT_CONVERSION = YES;
				CLANG_WARN_DEPRECATED_OBJC_IMPLEMENTATIONS = YES;
				CLANG_WARN_DIRECT_OBJC_ISA_USAGE = YES_ERROR;
				CLANG_WARN_DOCUMENTATION_COMMENTS = YES;
				CLANG_WARN_EMPTY_BODY = YES;
				CLANG_WARN_ENUM_CONVERSION = YES;
				CLANG_WARN_INFINITE_RECURSION = YES;
				CLANG_WARN_INT_CONVERSION = YES;
				CLANG_WARN_NON_LITERAL_NULL_CONVERSION = YES;
				CLANG_WARN_OBJC_IMPLICIT_RETAIN_SELF = YES;
				CLANG_WARN_OBJC_LITERAL_CONVERSION = YES;
				CLANG_WARN_OBJC_ROOT_CLASS = YES_ERROR;
				CLANG_WARN_QUOTED_INCLUDE_IN_FRAMEWORK_HEADER = YES;
				CLANG_WARN_RANGE_LOOP_ANALYSIS = YES;
				CLANG_WARN_STRICT_PROTOTYPES = YES;
				CLANG_WARN_SUSPICIOUS_MOVE = YES;
				CLANG_WARN_UNGUARDED_AVAILABILITY = YES_AGGRESSIVE;
				CLANG_WARN_UNREACHABLE_CODE = YES;
				CLANG_WARN__DUPLICATE_METHOD_MATCH = YES;
				COPY_PHASE_STRIP = NO;
				DEBUG_INFORMATION_FORMAT = "dwarf-with-dsym";
				ENABLE_NS_ASSERTIONS = NO;
				ENABLE_STRICT_OBJC_MSGSEND = YES;
				GCC_C_LANGUAGE_STANDARD = gnu11;
				GCC_NO_COMMON_BLOCKS = YES;
				GCC_WARN_64_TO_32_BIT_CONVERSION = YES;
				GCC_WARN_ABOUT_RETURN_TYPE = YES_ERROR;
				GCC_WARN_UNDECLARED_SELECTOR = YES;
				GCC_WARN_UNINITIALIZED_AUTOS = YES_AGGRESSIVE;
				GCC_WARN_UNUSED_FUNCTION = YES;
				GCC_WARN_UNUSED_VARIABLE = YES;
				IPHONEOS_DEPLOYMENT_TARGET = 15.0;
				MTL_ENABLE_DEBUG_INFO = NO;
				MTL_FAST_MATH = YES;
				SDKROOT = iphoneos;
				SWIFT_COMPILATION_MODE = wholemodule;
				SWIFT_OPTIMIZATION_LEVEL = "-O";
				VALIDATE_PRODUCT = YES;
			};
			name = Release;
		};
		30C676572743F75B00E5B294 /* Debug */ = {
			isa = XCBuildConfiguration;
			buildSettings = {
				ASSETCATALOG_COMPILER_APPICON_NAME = AppIcon;
				ASSETCATALOG_COMPILER_GLOBAL_ACCENT_COLOR_NAME = AccentColor;
				CODE_SIGN_STYLE = Automatic;
				CURRENT_PROJECT_VERSION = 1;
				DEVELOPMENT_ASSET_PATHS = "\"MVVMSwiftUI/Preview Content\"";
				DEVELOPMENT_TEAM = 3AZ6WZHZNJ;
				ENABLE_PREVIEWS = YES;
				GENERATE_INFOPLIST_FILE = YES;
				INFOPLIST_KEY_UIApplicationSceneManifest_Generation = YES;
				INFOPLIST_KEY_UIApplicationSupportsIndirectInputEvents = YES;
				INFOPLIST_KEY_UILaunchScreen_Generation = YES;
				INFOPLIST_KEY_UISupportedInterfaceOrientations_iPad = "UIInterfaceOrientationPortrait UIInterfaceOrientationPortraitUpsideDown UIInterfaceOrientationLandscapeLeft UIInterfaceOrientationLandscapeRight";
				INFOPLIST_KEY_UISupportedInterfaceOrientations_iPhone = "UIInterfaceOrientationPortrait UIInterfaceOrientationLandscapeLeft UIInterfaceOrientationLandscapeRight";
				LD_RUNPATH_SEARCH_PATHS = (
					"$(inherited)",
					"@executable_path/Frameworks",
				);
				MARKETING_VERSION = 1.0;
				PRODUCT_BUNDLE_IDENTIFIER = com.JulioRobles.MVVMSwiftUI;
				PRODUCT_NAME = "$(TARGET_NAME)";
				SWIFT_EMIT_LOC_STRINGS = YES;
				SWIFT_VERSION = 5.0;
				TARGETED_DEVICE_FAMILY = "1,2";
			};
			name = Debug;
		};
		30C676582743F75B00E5B294 /* Release */ = {
			isa = XCBuildConfiguration;
			buildSettings = {
				ASSETCATALOG_COMPILER_APPICON_NAME = AppIcon;
				ASSETCATALOG_COMPILER_GLOBAL_ACCENT_COLOR_NAME = AccentColor;
				CODE_SIGN_STYLE = Automatic;
				CURRENT_PROJECT_VERSION = 1;
				DEVELOPMENT_ASSET_PATHS = "\"MVVMSwiftUI/Preview Content\"";
				DEVELOPMENT_TEAM = 3AZ6WZHZNJ;
				ENABLE_PREVIEWS = YES;
				GENERATE_INFOPLIST_FILE = YES;
				INFOPLIST_KEY_UIApplicationSceneManifest_Generation = YES;
				INFOPLIST_KEY_UIApplicationSupportsIndirectInputEvents = YES;
				INFOPLIST_KEY_UILaunchScreen_Generation = YES;
				INFOPLIST_KEY_UISupportedInterfaceOrientations_iPad = "UIInterfaceOrientationPortrait UIInterfaceOrientationPortraitUpsideDown UIInterfaceOrientationLandscapeLeft UIInterfaceOrientationLandscapeRight";
				INFOPLIST_KEY_UISupportedInterfaceOrientations_iPhone = "UIInterfaceOrientationPortrait UIInterfaceOrientationLandscapeLeft UIInterfaceOrientationLandscapeRight";
				LD_RUNPATH_SEARCH_PATHS = (
					"$(inherited)",
					"@executable_path/Frameworks",
				);
				MARKETING_VERSION = 1.0;
				PRODUCT_BUNDLE_IDENTIFIER = com.JulioRobles.MVVMSwiftUI;
				PRODUCT_NAME = "$(TARGET_NAME)";
				SWIFT_EMIT_LOC_STRINGS = YES;
				SWIFT_VERSION = 5.0;
				TARGETED_DEVICE_FAMILY = "1,2";
			};
			name = Release;
		};
/* End XCBuildConfiguration section */

/* Begin XCConfigurationList section */
		30C676432743F75900E5B294 /* Build configuration list for PBXProject "MVVMSwiftUI" */ = {
			isa = XCConfigurationList;
			buildConfigurations = (
				30C676542743F75B00E5B294 /* Debug */,
				30C676552743F75B00E5B294 /* Release */,
			);
			defaultConfigurationIsVisible = 0;
			defaultConfigurationName = Release;
		};
		30C676562743F75B00E5B294 /* Build configuration list for PBXNativeTarget "MVVMSwiftUI" */ = {
			isa = XCConfigurationList;
			buildConfigurations = (
				30C676572743F75B00E5B294 /* Debug */,
				30C676582743F75B00E5B294 /* Release */,
			);
			defaultConfigurationIsVisible = 0;
			defaultConfigurationName = Release;
		};
/* End XCConfigurationList section */
	};
	rootObject = 30C676402743F75900E5B294 /* Project object */;
}
