// !$*UTF8*$!
{
	archiveVersion = 1;
	classes = {
	};
	objectVersion = 50;
	objects = {

/* Begin PBXBuildFile section */
		3010FF172739813E009848D4 /* Grid_StacksApp.swift in Sources */ = {isa = PBXBuildFile; fileRef = 3010FF162739813E009848D4 /* Grid_StacksApp.swift */; };
		3010FF192739813E009848D4 /* ContentView.swift in Sources */ = {isa = PBXBuildFile; fileRef = 3010FF182739813E009848D4 /* ContentView.swift */; };
		3010FF1B27398140009848D4 /* Assets.xcassets in Resources */ = {isa = PBXBuildFile; fileRef = 3010FF1A27398140009848D4 /* Assets.xcassets */; };
		3010FF1E27398140009848D4 /* Preview Assets.xcassets in Resources */ = {isa = PBXBuildFile; fileRef = 3010FF1D27398140009848D4 /* Preview Assets.xcassets */; };
		3010FF272739817D009848D4 /* DisplayInGrid.swift in Sources */ = {isa = PBXBuildFile; fileRef = 3010FF262739817D009848D4 /* DisplayInGrid.swift */; };
		3010FF2927398A6C009848D4 /* PinnedViewsGrid.swift in Sources */ = {isa = PBXBuildFile; fileRef = 3010FF2827398A6C009848D4 /* PinnedViewsGrid.swift */; };
/* End PBXBuildFile section */

/* Begin PBXFileReference section */
		3010FF132739813E009848D4 /* Grid&Stacks.app */ = {isa = PBXFileReference; explicitFileType = wrapper.application; includeInIndex = 0; path = "Grid&Stacks.app"; sourceTree = BUILT_PRODUCTS_DIR; };
		3010FF162739813E009848D4 /* Grid_StacksApp.swift */ = {isa = PBXFileReference; lastKnownFileType = sourcecode.swift; path = Grid_StacksApp.swift; sourceTree = "<group>"; };
		3010FF182739813E009848D4 /* ContentView.swift */ = {isa = PBXFileReference; lastKnownFileType = sourcecode.swift; path = ContentView.swift; sourceTree = "<group>"; };
		3010FF1A27398140009848D4 /* Assets.xcassets */ = {isa = PBXFileReference; lastKnownFileType = folder.assetcatalog; path = Assets.xcassets; sourceTree = "<group>"; };
		3010FF1D27398140009848D4 /* Preview Assets.xcassets */ = {isa = PBXFileReference; lastKnownFileType = folder.assetcatalog; path = "Preview Assets.xcassets"; sourceTree = "<group>"; };
		3010FF1F27398140009848D4 /* Info.plist */ = {isa = PBXFileReference; lastKnownFileType = text.plist.xml; path = Info.plist; sourceTree = "<group>"; };
		3010FF262739817D009848D4 /* DisplayInGrid.swift */ = {isa = PBXFileReference; lastKnownFileType = sourcecode.swift; path = DisplayInGrid.swift; sourceTree = "<group>"; };
		3010FF2827398A6C009848D4 /* PinnedViewsGrid.swift */ = {isa = PBXFileReference; lastKnownFileType = sourcecode.swift; path = PinnedViewsGrid.swift; sourceTree = "<group>"; };
/* End PBXFileReference section */

/* Begin PBXFrameworksBuildPhase section */
		3010FF102739813E009848D4 /* Frameworks */ = {
			isa = PBXFrameworksBuildPhase;
			buildActionMask = 2147483647;
			files = (
			);
			runOnlyForDeploymentPostprocessing = 0;
		};
/* End PBXFrameworksBuildPhase section */

/* Begin PBXGroup section */
		3010FF0A2739813D009848D4 = {
			isa = PBXGroup;
			children = (
				3010FF152739813E009848D4 /* Grid&Stacks */,
				3010FF142739813E009848D4 /* Products */,
			);
			sourceTree = "<group>";
		};
		3010FF142739813E009848D4 /* Products */ = {
			isa = PBXGroup;
			children = (
				3010FF132739813E009848D4 /* Grid&Stacks.app */,
			);
			name = Products;
			sourceTree = "<group>";
		};
		3010FF152739813E009848D4 /* Grid&Stacks */ = {
			isa = PBXGroup;
			children = (
				3010FF2527398147009848D4 /* Views 1-4 */,
				3010FF162739813E009848D4 /* Grid_StacksApp.swift */,
				3010FF182739813E009848D4 /* ContentView.swift */,
				3010FF1A27398140009848D4 /* Assets.xcassets */,
				3010FF1F27398140009848D4 /* Info.plist */,
				3010FF1C27398140009848D4 /* Preview Content */,
			);
			path = "Grid&Stacks";
			sourceTree = "<group>";
		};
		3010FF1C27398140009848D4 /* Preview Content */ = {
			isa = PBXGroup;
			children = (
				3010FF1D27398140009848D4 /* Preview Assets.xcassets */,
			);
			path = "Preview Content";
			sourceTree = "<group>";
		};
		3010FF2527398147009848D4 /* Views 1-4 */ = {
			isa = PBXGroup;
			children = (
				3010FF262739817D009848D4 /* DisplayInGrid.swift */,
				3010FF2827398A6C009848D4 /* PinnedViewsGrid.swift */,
			);
			path = "Views 1-4";
			sourceTree = "<group>";
		};
/* End PBXGroup section */

/* Begin PBXNativeTarget section */
		3010FF122739813E009848D4 /* Grid&Stacks */ = {
			isa = PBXNativeTarget;
			buildConfigurationList = 3010FF2227398140009848D4 /* Build configuration list for PBXNativeTarget "Grid&Stacks" */;
			buildPhases = (
				3010FF0F2739813E009848D4 /* Sources */,
				3010FF102739813E009848D4 /* Frameworks */,
				3010FF112739813E009848D4 /* Resources */,
			);
			buildRules = (
			);
			dependencies = (
			);
			name = "Grid&Stacks";
			productName = "Grid&Stacks";
			productReference = 3010FF132739813E009848D4 /* Grid&Stacks.app */;
			productType = "com.apple.product-type.application";
		};
/* End PBXNativeTarget section */

/* Begin PBXProject section */
		3010FF0B2739813D009848D4 /* Project object */ = {
			isa = PBXProject;
			attributes = {
				LastSwiftUpdateCheck = 1250;
				LastUpgradeCheck = 1250;
				TargetAttributes = {
					3010FF122739813E009848D4 = {
						CreatedOnToolsVersion = 12.5.1;
					};
				};
			};
			buildConfigurationList = 3010FF0E2739813D009848D4 /* Build configuration list for PBXProject "Grid&Stacks" */;
			compatibilityVersion = "Xcode 9.3";
			developmentRegion = en;
			hasScannedForEncodings = 0;
			knownRegions = (
				en,
				Base,
			);
			mainGroup = 3010FF0A2739813D009848D4;
			productRefGroup = 3010FF142739813E009848D4 /* Products */;
			projectDirPath = "";
			projectRoot = "";
			targets = (
				3010FF122739813E009848D4 /* Grid&Stacks */,
			);
		};
/* End PBXProject section */

/* Begin PBXResourcesBuildPhase section */
		3010FF112739813E009848D4 /* Resources */ = {
			isa = PBXResourcesBuildPhase;
			buildActionMask = 2147483647;
			files = (
				3010FF1E27398140009848D4 /* Preview Assets.xcassets in Resources */,
				3010FF1B27398140009848D4 /* Assets.xcassets in Resources */,
			);
			runOnlyForDeploymentPostprocessing = 0;
		};
/* End PBXResourcesBuildPhase section */

/* Begin PBXSourcesBuildPhase section */
		3010FF0F2739813E009848D4 /* Sources */ = {
			isa = PBXSourcesBuildPhase;
			buildActionMask = 2147483647;
			files = (
				3010FF272739817D009848D4 /* DisplayInGrid.swift in Sources */,
				3010FF192739813E009848D4 /* ContentView.swift in Sources */,
				3010FF2927398A6C009848D4 /* PinnedViewsGrid.swift in Sources */,
				3010FF172739813E009848D4 /* Grid_StacksApp.swift in Sources */,
			);
			runOnlyForDeploymentPostprocessing = 0;
		};
/* End PBXSourcesBuildPhase section */

/* Begin XCBuildConfiguration section */
		3010FF2027398140009848D4 /* Debug */ = {
			isa = XCBuildConfiguration;
			buildSettings = {
				ALWAYS_SEARCH_USER_PATHS = NO;
				CLANG_ANALYZER_NONNULL = YES;
				CLANG_ANALYZER_NUMBER_OBJECT_CONVERSION = YES_AGGRESSIVE;
				CLANG_CXX_LANGUAGE_STANDARD = "gnu++14";
				CLANG_CXX_LIBRARY = "libc++";
				CLANG_ENABLE_MODULES = YES;
				CLANG_ENABLE_OBJC_ARC = YES;
				CLANG_ENABLE_OBJC_WEAK = YES;
				CLANG_WARN_BLOCK_CAPTURE_AUTORELEASING = YES;
				CLANG_WARN_BOOL_CONVERSION = YES;
				CLANG_WARN_COMMA = YES;
				CLANG_WARN_CONSTANT_CONVERSION = YES;
				CLANG_WARN_DEPRECATED_OBJC_IMPLEMENTATIONS = YES;
				CLANG_WARN_DIRECT_OBJC_ISA_USAGE = YES_ERROR;
				CLANG_WARN_DOCUMENTATION_COMMENTS = YES;
				CLANG_WARN_EMPTY_BODY = YES;
				CLANG_WARN_ENUM_CONVERSION = YES;
				CLANG_WARN_INFINITE_RECURSION = YES;
				CLANG_WARN_INT_CONVERSION = YES;
				CLANG_WARN_NON_LITERAL_NULL_CONVERSION = YES;
				CLANG_WARN_OBJC_IMPLICIT_RETAIN_SELF = YES;
				CLANG_WARN_OBJC_LITERAL_CONVERSION = YES;
				CLANG_WARN_OBJC_ROOT_CLASS = YES_ERROR;
				CLANG_WARN_QUOTED_INCLUDE_IN_FRAMEWORK_HEADER = YES;
				CLANG_WARN_RANGE_LOOP_ANALYSIS = YES;
				CLANG_WARN_STRICT_PROTOTYPES = YES;
				CLANG_WARN_SUSPICIOUS_MOVE = YES;
				CLANG_WARN_UNGUARDED_AVAILABILITY = YES_AGGRESSIVE;
				CLANG_WARN_UNREACHABLE_CODE = YES;
				CLANG_WARN__DUPLICATE_METHOD_MATCH = YES;
				COPY_PHASE_STRIP = NO;
				DEBUG_INFORMATION_FORMAT = dwarf;
				ENABLE_STRICT_OBJC_MSGSEND = YES;
				ENABLE_TESTABILITY = YES;
				GCC_C_LANGUAGE_STANDARD = gnu11;
				GCC_DYNAMIC_NO_PIC = NO;
				GCC_NO_COMMON_BLOCKS = YES;
				GCC_OPTIMIZATION_LEVEL = 0;
				GCC_PREPROCESSOR_DEFINITIONS = (
					"DEBUG=1",
					"$(inherited)",
				);
				GCC_WARN_64_TO_32_BIT_CONVERSION = YES;
				GCC_WARN_ABOUT_RETURN_TYPE = YES_ERROR;
				GCC_WARN_UNDECLARED_SELECTOR = YES;
				GCC_WARN_UNINITIALIZED_AUTOS = YES_AGGRESSIVE;
				GCC_WARN_UNUSED_FUNCTION = YES;
				GCC_WARN_UNUSED_VARIABLE = YES;
				IPHONEOS_DEPLOYMENT_TARGET = 14.5;
				MTL_ENABLE_DEBUG_INFO = INCLUDE_SOURCE;
				MTL_FAST_MATH = YES;
				ONLY_ACTIVE_ARCH = YES;
				SDKROOT = iphoneos;
				SWIFT_ACTIVE_COMPILATION_CONDITIONS = DEBUG;
				SWIFT_OPTIMIZATION_LEVEL = "-Onone";
			};
			name = Debug;
		};
		3010FF2127398140009848D4 /* Release */ = {
			isa = XCBuildConfiguration;
			buildSettings = {
				ALWAYS_SEARCH_USER_PATHS = NO;
				CLANG_ANALYZER_NONNULL = YES;
				CLANG_ANALYZER_NUMBER_OBJECT_CONVERSION = YES_AGGRESSIVE;
				CLANG_CXX_LANGUAGE_STANDARD = "gnu++14";
				CLANG_CXX_LIBRARY = "libc++";
				CLANG_ENABLE_MODULES = YES;
				CLANG_ENABLE_OBJC_ARC = YES;
				CLANG_ENABLE_OBJC_WEAK = YES;
				CLANG_WARN_BLOCK_CAPTURE_AUTORELEASING = YES;
				CLANG_WARN_BOOL_CONVERSION = YES;
				CLANG_WARN_COMMA = YES;
				CLANG_WARN_CONSTANT_CONVERSION = YES;
				CLANG_WARN_DEPRECATED_OBJC_IMPLEMENTATIONS = YES;
				CLANG_WARN_DIRECT_OBJC_ISA_USAGE = YES_ERROR;
				CLANG_WARN_DOCUMENTATION_COMMENTS = YES;
				CLANG_WARN_EMPTY_BODY = YES;
				CLANG_WARN_ENUM_CONVERSION = YES;
				CLANG_WARN_INFINITE_RECURSION = YES;
				CLANG_WARN_INT_CONVERSION = YES;
				CLANG_WARN_NON_LITERAL_NULL_CONVERSION = YES;
				CLANG_WARN_OBJC_IMPLICIT_RETAIN_SELF = YES;
				CLANG_WARN_OBJC_LITERAL_CONVERSION = YES;
				CLANG_WARN_OBJC_ROOT_CLASS = YES_ERROR;
				CLANG_WARN_QUOTED_INCLUDE_IN_FRAMEWORK_HEADER = YES;
				CLANG_WARN_RANGE_LOOP_ANALYSIS = YES;
				CLANG_WARN_STRICT_PROTOTYPES = YES;
				CLANG_WARN_SUSPICIOUS_MOVE = YES;
				CLANG_WARN_UNGUARDED_AVAILABILITY = YES_AGGRESSIVE;
				CLANG_WARN_UNREACHABLE_CODE = YES;
				CLANG_WARN__DUPLICATE_METHOD_MATCH = YES;
				COPY_PHASE_STRIP = NO;
				DEBUG_INFORMATION_FORMAT = "dwarf-with-dsym";
				ENABLE_NS_ASSERTIONS = NO;
				ENABLE_STRICT_OBJC_MSGSEND = YES;
				GCC_C_LANGUAGE_STANDARD = gnu11;
				GCC_NO_COMMON_BLOCKS = YES;
				GCC_WARN_64_TO_32_BIT_CONVERSION = YES;
				GCC_WARN_ABOUT_RETURN_TYPE = YES_ERROR;
				GCC_WARN_UNDECLARED_SELECTOR = YES;
				GCC_WARN_UNINITIALIZED_AUTOS = YES_AGGRESSIVE;
				GCC_WARN_UNUSED_FUNCTION = YES;
				GCC_WARN_UNUSED_VARIABLE = YES;
				IPHONEOS_DEPLOYMENT_TARGET = 14.5;
				MTL_ENABLE_DEBUG_INFO = NO;
				MTL_FAST_MATH = YES;
				SDKROOT = iphoneos;
				SWIFT_COMPILATION_MODE = wholemodule;
				SWIFT_OPTIMIZATION_LEVEL = "-O";
				VALIDATE_PRODUCT = YES;
			};
			name = Release;
		};
		3010FF2327398140009848D4 /* Debug */ = {
			isa = XCBuildConfiguration;
			buildSettings = {
				ASSETCATALOG_COMPILER_APPICON_NAME = AppIcon;
				ASSETCATALOG_COMPILER_GLOBAL_ACCENT_COLOR_NAME = AccentColor;
				CODE_SIGN_STYLE = Automatic;
				DEVELOPMENT_ASSET_PATHS = "\"Grid&Stacks/Preview Content\"";
				DEVELOPMENT_TEAM = 3AZ6WZHZNJ;
				ENABLE_PREVIEWS = YES;
				INFOPLIST_FILE = "Grid&Stacks/Info.plist";
				IPHONEOS_DEPLOYMENT_TARGET = 14.0;
				LD_RUNPATH_SEARCH_PATHS = (
					"$(inherited)",
					"@executable_path/Frameworks",
				);
				PRODUCT_BUNDLE_IDENTIFIER = "com.JulioRobles.Grid-Stacks";
				PRODUCT_NAME = "$(TARGET_NAME)";
				SWIFT_VERSION = 5.0;
				TARGETED_DEVICE_FAMILY = "1,2";
			};
			name = Debug;
		};
		3010FF2427398140009848D4 /* Release */ = {
			isa = XCBuildConfiguration;
			buildSettings = {
				ASSETCATALOG_COMPILER_APPICON_NAME = AppIcon;
				ASSETCATALOG_COMPILER_GLOBAL_ACCENT_COLOR_NAME = AccentColor;
				CODE_SIGN_STYLE = Automatic;
				DEVELOPMENT_ASSET_PATHS = "\"Grid&Stacks/Preview Content\"";
				DEVELOPMENT_TEAM = 3AZ6WZHZNJ;
				ENABLE_PREVIEWS = YES;
				INFOPLIST_FILE = "Grid&Stacks/Info.plist";
				IPHONEOS_DEPLOYMENT_TARGET = 14.0;
				LD_RUNPATH_SEARCH_PATHS = (
					"$(inherited)",
					"@executable_path/Frameworks",
				);
				PRODUCT_BUNDLE_IDENTIFIER = "com.JulioRobles.Grid-Stacks";
				PRODUCT_NAME = "$(TARGET_NAME)";
				SWIFT_VERSION = 5.0;
				TARGETED_DEVICE_FAMILY = "1,2";
			};
			name = Release;
		};
/* End XCBuildConfiguration section */

/* Begin XCConfigurationList section */
		3010FF0E2739813D009848D4 /* Build configuration list for PBXProject "Grid&Stacks" */ = {
			isa = XCConfigurationList;
			buildConfigurations = (
				3010FF2027398140009848D4 /* Debug */,
				3010FF2127398140009848D4 /* Release */,
			);
			defaultConfigurationIsVisible = 0;
			defaultConfigurationName = Release;
		};
		3010FF2227398140009848D4 /* Build configuration list for PBXNativeTarget "Grid&Stacks" */ = {
			isa = XCConfigurationList;
			buildConfigurations = (
				3010FF2327398140009848D4 /* Debug */,
				3010FF2427398140009848D4 /* Release */,
			);
			defaultConfigurationIsVisible = 0;
			defaultConfigurationName = Release;
		};
/* End XCConfigurationList section */
	};
	rootObject = 3010FF0B2739813D009848D4 /* Project object */;
}
